// !$*UTF8*$!
{
	archiveVersion = 1;
	classes = {
	};
	objectVersion = 50;
	objects = {

/* Begin PBXBuildFile section */
		2BC64939A18DD1EF3FA47B7C /* Pods_CodingAssignmentAboutCountryTests.framework in Frameworks */ = {isa = PBXBuildFile; fileRef = 24E6CE3B2ED6AB8AE3980479 /* Pods_CodingAssignmentAboutCountryTests.framework */; };
		372A2AB421FF38E8B4A65B79 /* Pods_CodingAssignmentAboutCountry.framework in Frameworks */ = {isa = PBXBuildFile; fileRef = 4F4AE5CEB4A2719CB928B13D /* Pods_CodingAssignmentAboutCountry.framework */; };
		A196D4F325901A6B00F56F2C /* AppDelegate.swift in Sources */ = {isa = PBXBuildFile; fileRef = A196D4F225901A6B00F56F2C /* AppDelegate.swift */; };
		A196D4F525901A6B00F56F2C /* SceneDelegate.swift in Sources */ = {isa = PBXBuildFile; fileRef = A196D4F425901A6B00F56F2C /* SceneDelegate.swift */; };
		A196D4FA25901A6B00F56F2C /* Main.storyboard in Resources */ = {isa = PBXBuildFile; fileRef = A196D4F825901A6B00F56F2C /* Main.storyboard */; };
		A196D4FC25901A6C00F56F2C /* Assets.xcassets in Resources */ = {isa = PBXBuildFile; fileRef = A196D4FB25901A6C00F56F2C /* Assets.xcassets */; };
		A196D4FF25901A6C00F56F2C /* LaunchScreen.storyboard in Resources */ = {isa = PBXBuildFile; fileRef = A196D4FD25901A6C00F56F2C /* LaunchScreen.storyboard */; };
		A196D50A25901A6C00F56F2C /* CodingAssignmentAboutCountryTests.swift in Sources */ = {isa = PBXBuildFile; fileRef = A196D50925901A6C00F56F2C /* CodingAssignmentAboutCountryTests.swift */; };
		A196D51625901CC400F56F2C /* AboutCountryViewController.swift in Sources */ = {isa = PBXBuildFile; fileRef = A196D51525901CC400F56F2C /* AboutCountryViewController.swift */; };
		A196D51825901CE400F56F2C /* AboutCountryViewModel.swift in Sources */ = {isa = PBXBuildFile; fileRef = A196D51725901CE400F56F2C /* AboutCountryViewModel.swift */; };
		A196D51A25901D0900F56F2C /* AboutCountryDataModel.swift in Sources */ = {isa = PBXBuildFile; fileRef = A196D51925901D0900F56F2C /* AboutCountryDataModel.swift */; };
		A196D51C25901D2500F56F2C /* ViewController.swift in Sources */ = {isa = PBXBuildFile; fileRef = A196D4F625901A6B00F56F2C /* ViewController.swift */; };
/* End PBXBuildFile section */

/* Begin PBXContainerItemProxy section */
		A196D50625901A6C00F56F2C /* PBXContainerItemProxy */ = {
			isa = PBXContainerItemProxy;
			containerPortal = A196D4E725901A6B00F56F2C /* Project object */;
			proxyType = 1;
			remoteGlobalIDString = A196D4EE25901A6B00F56F2C;
			remoteInfo = CodingAssignmentAboutCountry;
		};
/* End PBXContainerItemProxy section */

/* Begin PBXFileReference section */
		24E6CE3B2ED6AB8AE3980479 /* Pods_CodingAssignmentAboutCountryTests.framework */ = {isa = PBXFileReference; explicitFileType = wrapper.framework; includeInIndex = 0; path = Pods_CodingAssignmentAboutCountryTests.framework; sourceTree = BUILT_PRODUCTS_DIR; };
		4F4AE5CEB4A2719CB928B13D /* Pods_CodingAssignmentAboutCountry.framework */ = {isa = PBXFileReference; explicitFileType = wrapper.framework; includeInIndex = 0; path = Pods_CodingAssignmentAboutCountry.framework; sourceTree = BUILT_PRODUCTS_DIR; };
		9D3CC627DAFCF909A60E80DE /* Pods-CodingAssignmentAboutCountry.debug.xcconfig */ = {isa = PBXFileReference; includeInIndex = 1; lastKnownFileType = text.xcconfig; name = "Pods-CodingAssignmentAboutCountry.debug.xcconfig"; path = "Target Support Files/Pods-CodingAssignmentAboutCountry/Pods-CodingAssignmentAboutCountry.debug.xcconfig"; sourceTree = "<group>"; };
		A196D4EF25901A6B00F56F2C /* CodingAssignmentAboutCountry.app */ = {isa = PBXFileReference; explicitFileType = wrapper.application; includeInIndex = 0; path = CodingAssignmentAboutCountry.app; sourceTree = BUILT_PRODUCTS_DIR; };
		A196D4F225901A6B00F56F2C /* AppDelegate.swift */ = {isa = PBXFileReference; lastKnownFileType = sourcecode.swift; path = AppDelegate.swift; sourceTree = "<group>"; };
		A196D4F425901A6B00F56F2C /* SceneDelegate.swift */ = {isa = PBXFileReference; lastKnownFileType = sourcecode.swift; path = SceneDelegate.swift; sourceTree = "<group>"; };
		A196D4F625901A6B00F56F2C /* ViewController.swift */ = {isa = PBXFileReference; lastKnownFileType = sourcecode.swift; path = ViewController.swift; sourceTree = "<group>"; };
		A196D4F925901A6B00F56F2C /* Base */ = {isa = PBXFileReference; lastKnownFileType = file.storyboard; name = Base; path = Base.lproj/Main.storyboard; sourceTree = "<group>"; };
		A196D4FB25901A6C00F56F2C /* Assets.xcassets */ = {isa = PBXFileReference; lastKnownFileType = folder.assetcatalog; path = Assets.xcassets; sourceTree = "<group>"; };
		A196D4FE25901A6C00F56F2C /* Base */ = {isa = PBXFileReference; lastKnownFileType = file.storyboard; name = Base; path = Base.lproj/LaunchScreen.storyboard; sourceTree = "<group>"; };
		A196D50025901A6C00F56F2C /* Info.plist */ = {isa = PBXFileReference; lastKnownFileType = text.plist.xml; path = Info.plist; sourceTree = "<group>"; };
		A196D50525901A6C00F56F2C /* CodingAssignmentAboutCountryTests.xctest */ = {isa = PBXFileReference; explicitFileType = wrapper.cfbundle; includeInIndex = 0; path = CodingAssignmentAboutCountryTests.xctest; sourceTree = BUILT_PRODUCTS_DIR; };
		A196D50925901A6C00F56F2C /* CodingAssignmentAboutCountryTests.swift */ = {isa = PBXFileReference; lastKnownFileType = sourcecode.swift; path = CodingAssignmentAboutCountryTests.swift; sourceTree = "<group>"; };
		A196D50B25901A6C00F56F2C /* Info.plist */ = {isa = PBXFileReference; lastKnownFileType = text.plist.xml; path = Info.plist; sourceTree = "<group>"; };
		A196D51525901CC400F56F2C /* AboutCountryViewController.swift */ = {isa = PBXFileReference; lastKnownFileType = sourcecode.swift; path = AboutCountryViewController.swift; sourceTree = "<group>"; };
		A196D51725901CE400F56F2C /* AboutCountryViewModel.swift */ = {isa = PBXFileReference; lastKnownFileType = sourcecode.swift; path = AboutCountryViewModel.swift; sourceTree = "<group>"; };
		A196D51925901D0900F56F2C /* AboutCountryDataModel.swift */ = {isa = PBXFileReference; lastKnownFileType = sourcecode.swift; path = AboutCountryDataModel.swift; sourceTree = "<group>"; };
		C054F1ACC4E20327ACAF16F0 /* Pods-CodingAssignmentAboutCountry.release.xcconfig */ = {isa = PBXFileReference; includeInIndex = 1; lastKnownFileType = text.xcconfig; name = "Pods-CodingAssignmentAboutCountry.release.xcconfig"; path = "Target Support Files/Pods-CodingAssignmentAboutCountry/Pods-CodingAssignmentAboutCountry.release.xcconfig"; sourceTree = "<group>"; };
		C5A07754359C45DAC541754D /* Pods-CodingAssignmentAboutCountryTests.release.xcconfig */ = {isa = PBXFileReference; includeInIndex = 1; lastKnownFileType = text.xcconfig; name = "Pods-CodingAssignmentAboutCountryTests.release.xcconfig"; path = "Target Support Files/Pods-CodingAssignmentAboutCountryTests/Pods-CodingAssignmentAboutCountryTests.release.xcconfig"; sourceTree = "<group>"; };
		DBA59E3B5305F8610B83F841 /* Pods-CodingAssignmentAboutCountryTests.debug.xcconfig */ = {isa = PBXFileReference; includeInIndex = 1; lastKnownFileType = text.xcconfig; name = "Pods-CodingAssignmentAboutCountryTests.debug.xcconfig"; path = "Target Support Files/Pods-CodingAssignmentAboutCountryTests/Pods-CodingAssignmentAboutCountryTests.debug.xcconfig"; sourceTree = "<group>"; };
/* End PBXFileReference section */

/* Begin PBXFrameworksBuildPhase section */
		A196D4EC25901A6B00F56F2C /* Frameworks */ = {
			isa = PBXFrameworksBuildPhase;
			buildActionMask = 2147483647;
			files = (
				372A2AB421FF38E8B4A65B79 /* Pods_CodingAssignmentAboutCountry.framework in Frameworks */,
			);
			runOnlyForDeploymentPostprocessing = 0;
		};
		A196D50225901A6C00F56F2C /* Frameworks */ = {
			isa = PBXFrameworksBuildPhase;
			buildActionMask = 2147483647;
			files = (
				2BC64939A18DD1EF3FA47B7C /* Pods_CodingAssignmentAboutCountryTests.framework in Frameworks */,
			);
			runOnlyForDeploymentPostprocessing = 0;
		};
/* End PBXFrameworksBuildPhase section */

/* Begin PBXGroup section */
		65D14DC94F8EC59108286E5B /* Frameworks */ = {
			isa = PBXGroup;
			children = (
				4F4AE5CEB4A2719CB928B13D /* Pods_CodingAssignmentAboutCountry.framework */,
				24E6CE3B2ED6AB8AE3980479 /* Pods_CodingAssignmentAboutCountryTests.framework */,
			);
			name = Frameworks;
			sourceTree = "<group>";
		};
		A196D4E625901A6B00F56F2C = {
			isa = PBXGroup;
			children = (
				A196D4F125901A6B00F56F2C /* CodingAssignmentAboutCountry */,
				A196D50825901A6C00F56F2C /* CodingAssignmentAboutCountryTests */,
				A196D4F025901A6B00F56F2C /* Products */,
				B53CFDDF510EC4133F403459 /* Pods */,
				65D14DC94F8EC59108286E5B /* Frameworks */,
			);
			sourceTree = "<group>";
		};
		A196D4F025901A6B00F56F2C /* Products */ = {
			isa = PBXGroup;
			children = (
				A196D4EF25901A6B00F56F2C /* CodingAssignmentAboutCountry.app */,
				A196D50525901A6C00F56F2C /* CodingAssignmentAboutCountryTests.xctest */,
			);
			name = Products;
			sourceTree = "<group>";
		};
		A196D4F125901A6B00F56F2C /* CodingAssignmentAboutCountry */ = {
			isa = PBXGroup;
			children = (
				A196D51425901AF700F56F2C /* Application Files */,
				A196D51B25901D1000F56F2C /* AboutCountry */,
				A196D4F625901A6B00F56F2C /* ViewController.swift */,
				A196D4F825901A6B00F56F2C /* Main.storyboard */,
				A196D4FB25901A6C00F56F2C /* Assets.xcassets */,
				A196D4FD25901A6C00F56F2C /* LaunchScreen.storyboard */,
				A196D50025901A6C00F56F2C /* Info.plist */,
			);
			path = CodingAssignmentAboutCountry;
			sourceTree = "<group>";
		};
		A196D50825901A6C00F56F2C /* CodingAssignmentAboutCountryTests */ = {
			isa = PBXGroup;
			children = (
				A196D50925901A6C00F56F2C /* CodingAssignmentAboutCountryTests.swift */,
				A196D50B25901A6C00F56F2C /* Info.plist */,
			);
			path = CodingAssignmentAboutCountryTests;
			sourceTree = "<group>";
		};
		A196D51425901AF700F56F2C /* Application Files */ = {
			isa = PBXGroup;
			children = (
				A196D4F225901A6B00F56F2C /* AppDelegate.swift */,
				A196D4F425901A6B00F56F2C /* SceneDelegate.swift */,
			);
			path = "Application Files";
			sourceTree = "<group>";
		};
		A196D51B25901D1000F56F2C /* AboutCountry */ = {
			isa = PBXGroup;
			children = (
				A196D51525901CC400F56F2C /* AboutCountryViewController.swift */,
				A196D51725901CE400F56F2C /* AboutCountryViewModel.swift */,
				A196D51925901D0900F56F2C /* AboutCountryDataModel.swift */,
			);
			path = AboutCountry;
			sourceTree = "<group>";
		};
		B53CFDDF510EC4133F403459 /* Pods */ = {
			isa = PBXGroup;
			children = (
				9D3CC627DAFCF909A60E80DE /* Pods-CodingAssignmentAboutCountry.debug.xcconfig */,
				C054F1ACC4E20327ACAF16F0 /* Pods-CodingAssignmentAboutCountry.release.xcconfig */,
				DBA59E3B5305F8610B83F841 /* Pods-CodingAssignmentAboutCountryTests.debug.xcconfig */,
				C5A07754359C45DAC541754D /* Pods-CodingAssignmentAboutCountryTests.release.xcconfig */,
			);
			name = Pods;
			path = Pods;
			sourceTree = "<group>";
		};
/* End PBXGroup section */

/* Begin PBXNativeTarget section */
		A196D4EE25901A6B00F56F2C /* CodingAssignmentAboutCountry */ = {
			isa = PBXNativeTarget;
			buildConfigurationList = A196D50E25901A6C00F56F2C /* Build configuration list for PBXNativeTarget "CodingAssignmentAboutCountry" */;
			buildPhases = (
				649AC0E59AF4B2EEC1A6E97A /* [CP] Check Pods Manifest.lock */,
				A196D4EB25901A6B00F56F2C /* Sources */,
				A196D4EC25901A6B00F56F2C /* Frameworks */,
				A196D4ED25901A6B00F56F2C /* Resources */,
			);
			buildRules = (
			);
			dependencies = (
			);
			name = CodingAssignmentAboutCountry;
			productName = CodingAssignmentAboutCountry;
			productReference = A196D4EF25901A6B00F56F2C /* CodingAssignmentAboutCountry.app */;
			productType = "com.apple.product-type.application";
		};
		A196D50425901A6C00F56F2C /* CodingAssignmentAboutCountryTests */ = {
			isa = PBXNativeTarget;
			buildConfigurationList = A196D51125901A6C00F56F2C /* Build configuration list for PBXNativeTarget "CodingAssignmentAboutCountryTests" */;
			buildPhases = (
				5E0C80D68DAA54877E4CAA25 /* [CP] Check Pods Manifest.lock */,
				A196D50125901A6C00F56F2C /* Sources */,
				A196D50225901A6C00F56F2C /* Frameworks */,
				A196D50325901A6C00F56F2C /* Resources */,
			);
			buildRules = (
			);
			dependencies = (
				A196D50725901A6C00F56F2C /* PBXTargetDependency */,
			);
			name = CodingAssignmentAboutCountryTests;
			productName = CodingAssignmentAboutCountryTests;
			productReference = A196D50525901A6C00F56F2C /* CodingAssignmentAboutCountryTests.xctest */;
			productType = "com.apple.product-type.bundle.unit-test";
		};
/* End PBXNativeTarget section */

/* Begin PBXProject section */
		A196D4E725901A6B00F56F2C /* Project object */ = {
			isa = PBXProject;
			attributes = {
				LastSwiftUpdateCheck = 1130;
				LastUpgradeCheck = 1130;
				ORGANIZATIONNAME = PrerakHomePC;
				TargetAttributes = {
					A196D4EE25901A6B00F56F2C = {
						CreatedOnToolsVersion = 11.3;
					};
					A196D50425901A6C00F56F2C = {
						CreatedOnToolsVersion = 11.3;
						TestTargetID = A196D4EE25901A6B00F56F2C;
					};
				};
			};
			buildConfigurationList = A196D4EA25901A6B00F56F2C /* Build configuration list for PBXProject "CodingAssignmentAboutCountry" */;
			compatibilityVersion = "Xcode 9.3";
			developmentRegion = en;
			hasScannedForEncodings = 0;
			knownRegions = (
				en,
				Base,
			);
			mainGroup = A196D4E625901A6B00F56F2C;
			productRefGroup = A196D4F025901A6B00F56F2C /* Products */;
			projectDirPath = "";
			projectRoot = "";
			targets = (
				A196D4EE25901A6B00F56F2C /* CodingAssignmentAboutCountry */,
				A196D50425901A6C00F56F2C /* CodingAssignmentAboutCountryTests */,
			);
		};
/* End PBXProject section */

/* Begin PBXResourcesBuildPhase section */
		A196D4ED25901A6B00F56F2C /* Resources */ = {
			isa = PBXResourcesBuildPhase;
			buildActionMask = 2147483647;
			files = (
				A196D4FF25901A6C00F56F2C /* LaunchScreen.storyboard in Resources */,
				A196D4FC25901A6C00F56F2C /* Assets.xcassets in Resources */,
				A196D4FA25901A6B00F56F2C /* Main.storyboard in Resources */,
			);
			runOnlyForDeploymentPostprocessing = 0;
		};
		A196D50325901A6C00F56F2C /* Resources */ = {
			isa = PBXResourcesBuildPhase;
			buildActionMask = 2147483647;
			files = (
			);
			runOnlyForDeploymentPostprocessing = 0;
		};
/* End PBXResourcesBuildPhase section */

/* Begin PBXShellScriptBuildPhase section */
		5E0C80D68DAA54877E4CAA25 /* [CP] Check Pods Manifest.lock */ = {
			isa = PBXShellScriptBuildPhase;
			buildActionMask = 2147483647;
			files = (
			);
			inputFileListPaths = (
			);
			inputPaths = (
				"${PODS_PODFILE_DIR_PATH}/Podfile.lock",
				"${PODS_ROOT}/Manifest.lock",
			);
			name = "[CP] Check Pods Manifest.lock";
			outputFileListPaths = (
			);
			outputPaths = (
				"$(DERIVED_FILE_DIR)/Pods-CodingAssignmentAboutCountryTests-checkManifestLockResult.txt",
			);
			runOnlyForDeploymentPostprocessing = 0;
			shellPath = /bin/sh;
			shellScript = "diff \"${PODS_PODFILE_DIR_PATH}/Podfile.lock\" \"${PODS_ROOT}/Manifest.lock\" > /dev/null\nif [ $? != 0 ] ; then\n    # print error to STDERR\n    echo \"error: The sandbox is not in sync with the Podfile.lock. Run 'pod install' or update your CocoaPods installation.\" >&2\n    exit 1\nfi\n# This output is used by Xcode 'outputs' to avoid re-running this script phase.\necho \"SUCCESS\" > \"${SCRIPT_OUTPUT_FILE_0}\"\n";
			showEnvVarsInLog = 0;
		};
		649AC0E59AF4B2EEC1A6E97A /* [CP] Check Pods Manifest.lock */ = {
			isa = PBXShellScriptBuildPhase;
			buildActionMask = 2147483647;
			files = (
			);
			inputFileListPaths = (
			);
			inputPaths = (
				"${PODS_PODFILE_DIR_PATH}/Podfile.lock",
				"${PODS_ROOT}/Manifest.lock",
			);
			name = "[CP] Check Pods Manifest.lock";
			outputFileListPaths = (
			);
			outputPaths = (
				"$(DERIVED_FILE_DIR)/Pods-CodingAssignmentAboutCountry-checkManifestLockResult.txt",
			);
			runOnlyForDeploymentPostprocessing = 0;
			shellPath = /bin/sh;
			shellScript = "diff \"${PODS_PODFILE_DIR_PATH}/Podfile.lock\" \"${PODS_ROOT}/Manifest.lock\" > /dev/null\nif [ $? != 0 ] ; then\n    # print error to STDERR\n    echo \"error: The sandbox is not in sync with the Podfile.lock. Run 'pod install' or update your CocoaPods installation.\" >&2\n    exit 1\nfi\n# This output is used by Xcode 'outputs' to avoid re-running this script phase.\necho \"SUCCESS\" > \"${SCRIPT_OUTPUT_FILE_0}\"\n";
			showEnvVarsInLog = 0;
		};
/* End PBXShellScriptBuildPhase section */

/* Begin PBXSourcesBuildPhase section */
		A196D4EB25901A6B00F56F2C /* Sources */ = {
			isa = PBXSourcesBuildPhase;
			buildActionMask = 2147483647;
			files = (
				A196D51825901CE400F56F2C /* AboutCountryViewModel.swift in Sources */,
				A196D51A25901D0900F56F2C /* AboutCountryDataModel.swift in Sources */,
				A196D4F325901A6B00F56F2C /* AppDelegate.swift in Sources */,
				A196D51625901CC400F56F2C /* AboutCountryViewController.swift in Sources */,
				A196D4F525901A6B00F56F2C /* SceneDelegate.swift in Sources */,
			);
			runOnlyForDeploymentPostprocessing = 0;
		};
		A196D50125901A6C00F56F2C /* Sources */ = {
			isa = PBXSourcesBuildPhase;
			buildActionMask = 2147483647;
			files = (
				A196D51C25901D2500F56F2C /* ViewController.swift in Sources */,
				A196D50A25901A6C00F56F2C /* CodingAssignmentAboutCountryTests.swift in Sources */,
			);
			runOnlyForDeploymentPostprocessing = 0;
		};
/* End PBXSourcesBuildPhase section */

/* Begin PBXTargetDependency section */
		A196D50725901A6C00F56F2C /* PBXTargetDependency */ = {
			isa = PBXTargetDependency;
			target = A196D4EE25901A6B00F56F2C /* CodingAssignmentAboutCountry */;
			targetProxy = A196D50625901A6C00F56F2C /* PBXContainerItemProxy */;
		};
/* End PBXTargetDependency section */

/* Begin PBXVariantGroup section */
		A196D4F825901A6B00F56F2C /* Main.storyboard */ = {
			isa = PBXVariantGroup;
			children = (
				A196D4F925901A6B00F56F2C /* Base */,
			);
			name = Main.storyboard;
			sourceTree = "<group>";
		};
		A196D4FD25901A6C00F56F2C /* LaunchScreen.storyboard */ = {
			isa = PBXVariantGroup;
			children = (
				A196D4FE25901A6C00F56F2C /* Base */,
			);
			name = LaunchScreen.storyboard;
			sourceTree = "<group>";
		};
/* End PBXVariantGroup section */

/* Begin XCBuildConfiguration section */
		A196D50C25901A6C00F56F2C /* Debug */ = {
			isa = XCBuildConfiguration;
			buildSettings = {
				ALWAYS_SEARCH_USER_PATHS = NO;
				CLANG_ANALYZER_NONNULL = YES;
				CLANG_ANALYZER_NUMBER_OBJECT_CONVERSION = YES_AGGRESSIVE;
				CLANG_CXX_LANGUAGE_STANDARD = "gnu++14";
				CLANG_CXX_LIBRARY = "libc++";
				CLANG_ENABLE_MODULES = YES;
				CLANG_ENABLE_OBJC_ARC = YES;
				CLANG_ENABLE_OBJC_WEAK = YES;
				CLANG_WARN_BLOCK_CAPTURE_AUTORELEASING = YES;
				CLANG_WARN_BOOL_CONVERSION = YES;
				CLANG_WARN_COMMA = YES;
				CLANG_WARN_CONSTANT_CONVERSION = YES;
				CLANG_WARN_DEPRECATED_OBJC_IMPLEMENTATIONS = YES;
				CLANG_WARN_DIRECT_OBJC_ISA_USAGE = YES_ERROR;
				CLANG_WARN_DOCUMENTATION_COMMENTS = YES;
				CLANG_WARN_EMPTY_BODY = YES;
				CLANG_WARN_ENUM_CONVERSION = YES;
				CLANG_WARN_INFINITE_RECURSION = YES;
				CLANG_WARN_INT_CONVERSION = YES;
				CLANG_WARN_NON_LITERAL_NULL_CONVERSION = YES;
				CLANG_WARN_OBJC_IMPLICIT_RETAIN_SELF = YES;
				CLANG_WARN_OBJC_LITERAL_CONVERSION = YES;
				CLANG_WARN_OBJC_ROOT_CLASS = YES_ERROR;
				CLANG_WARN_RANGE_LOOP_ANALYSIS = YES;
				CLANG_WARN_STRICT_PROTOTYPES = YES;
				CLANG_WARN_SUSPICIOUS_MOVE = YES;
				CLANG_WARN_UNGUARDED_AVAILABILITY = YES_AGGRESSIVE;
				CLANG_WARN_UNREACHABLE_CODE = YES;
				CLANG_WARN__DUPLICATE_METHOD_MATCH = YES;
				COPY_PHASE_STRIP = NO;
				DEBUG_INFORMATION_FORMAT = dwarf;
				ENABLE_STRICT_OBJC_MSGSEND = YES;
				ENABLE_TESTABILITY = YES;
				GCC_C_LANGUAGE_STANDARD = gnu11;
				GCC_DYNAMIC_NO_PIC = NO;
				GCC_NO_COMMON_BLOCKS = YES;
				GCC_OPTIMIZATION_LEVEL = 0;
				GCC_PREPROCESSOR_DEFINITIONS = (
					"DEBUG=1",
					"$(inherited)",
				);
				GCC_WARN_64_TO_32_BIT_CONVERSION = YES;
				GCC_WARN_ABOUT_RETURN_TYPE = YES_ERROR;
				GCC_WARN_UNDECLARED_SELECTOR = YES;
				GCC_WARN_UNINITIALIZED_AUTOS = YES_AGGRESSIVE;
				GCC_WARN_UNUSED_FUNCTION = YES;
				GCC_WARN_UNUSED_VARIABLE = YES;
				IPHONEOS_DEPLOYMENT_TARGET = 13.2;
				MTL_ENABLE_DEBUG_INFO = INCLUDE_SOURCE;
				MTL_FAST_MATH = YES;
				ONLY_ACTIVE_ARCH = YES;
				SDKROOT = iphoneos;
				SWIFT_ACTIVE_COMPILATION_CONDITIONS = DEBUG;
				SWIFT_OPTIMIZATION_LEVEL = "-Onone";
			};
			name = Debug;
		};
		A196D50D25901A6C00F56F2C /* Release */ = {
			isa = XCBuildConfiguration;
			buildSettings = {
				ALWAYS_SEARCH_USER_PATHS = NO;
				CLANG_ANALYZER_NONNULL = YES;
				CLANG_ANALYZER_NUMBER_OBJECT_CONVERSION = YES_AGGRESSIVE;
				CLANG_CXX_LANGUAGE_STANDARD = "gnu++14";
				CLANG_CXX_LIBRARY = "libc++";
				CLANG_ENABLE_MODULES = YES;
				CLANG_ENABLE_OBJC_ARC = YES;
				CLANG_ENABLE_OBJC_WEAK = YES;
				CLANG_WARN_BLOCK_CAPTURE_AUTORELEASING = YES;
				CLANG_WARN_BOOL_CONVERSION = YES;
				CLANG_WARN_COMMA = YES;
				CLANG_WARN_CONSTANT_CONVERSION = YES;
				CLANG_WARN_DEPRECATED_OBJC_IMPLEMENTATIONS = YES;
				CLANG_WARN_DIRECT_OBJC_ISA_USAGE = YES_ERROR;
				CLANG_WARN_DOCUMENTATION_COMMENTS = YES;
				CLANG_WARN_EMPTY_BODY = YES;
				CLANG_WARN_ENUM_CONVERSION = YES;
				CLANG_WARN_INFINITE_RECURSION = YES;
				CLANG_WARN_INT_CONVERSION = YES;
				CLANG_WARN_NON_LITERAL_NULL_CONVERSION = YES;
				CLANG_WARN_OBJC_IMPLICIT_RETAIN_SELF = YES;
				CLANG_WARN_OBJC_LITERAL_CONVERSION = YES;
				CLANG_WARN_OBJC_ROOT_CLASS = YES_ERROR;
				CLANG_WARN_RANGE_LOOP_ANALYSIS = YES;
				CLANG_WARN_STRICT_PROTOTYPES = YES;
				CLANG_WARN_SUSPICIOUS_MOVE = YES;
				CLANG_WARN_UNGUARDED_AVAILABILITY = YES_AGGRESSIVE;
				CLANG_WARN_UNREACHABLE_CODE = YES;
				CLANG_WARN__DUPLICATE_METHOD_MATCH = YES;
				COPY_PHASE_STRIP = NO;
				DEBUG_INFORMATION_FORMAT = "dwarf-with-dsym";
				ENABLE_NS_ASSERTIONS = NO;
				ENABLE_STRICT_OBJC_MSGSEND = YES;
				GCC_C_LANGUAGE_STANDARD = gnu11;
				GCC_NO_COMMON_BLOCKS = YES;
				GCC_WARN_64_TO_32_BIT_CONVERSION = YES;
				GCC_WARN_ABOUT_RETURN_TYPE = YES_ERROR;
				GCC_WARN_UNDECLARED_SELECTOR = YES;
				GCC_WARN_UNINITIALIZED_AUTOS = YES_AGGRESSIVE;
				GCC_WARN_UNUSED_FUNCTION = YES;
				GCC_WARN_UNUSED_VARIABLE = YES;
				IPHONEOS_DEPLOYMENT_TARGET = 13.2;
				MTL_ENABLE_DEBUG_INFO = NO;
				MTL_FAST_MATH = YES;
				SDKROOT = iphoneos;
				SWIFT_COMPILATION_MODE = wholemodule;
				SWIFT_OPTIMIZATION_LEVEL = "-O";
				VALIDATE_PRODUCT = YES;
			};
			name = Release;
		};
		A196D50F25901A6C00F56F2C /* Debug */ = {
			isa = XCBuildConfiguration;
			baseConfigurationReference = 9D3CC627DAFCF909A60E80DE /* Pods-CodingAssignmentAboutCountry.debug.xcconfig */;
			buildSettings = {
				ASSETCATALOG_COMPILER_APPICON_NAME = AppIcon;
				CODE_SIGN_STYLE = Automatic;
				INFOPLIST_FILE = CodingAssignmentAboutCountry/Info.plist;
				LD_RUNPATH_SEARCH_PATHS = (
					"$(inherited)",
					"@executable_path/Frameworks",
				);
				PRODUCT_BUNDLE_IDENTIFIER = PrerakHomePC.CodingAssignmentAboutCountry;
				PRODUCT_NAME = "$(TARGET_NAME)";
				SWIFT_VERSION = 5.0;
				TARGETED_DEVICE_FAMILY = "1,2";
			};
			name = Debug;
		};
		A196D51025901A6C00F56F2C /* Release */ = {
			isa = XCBuildConfiguration;
			baseConfigurationReference = C054F1ACC4E20327ACAF16F0 /* Pods-CodingAssignmentAboutCountry.release.xcconfig */;
			buildSettings = {
				ASSETCATALOG_COMPILER_APPICON_NAME = AppIcon;
				CODE_SIGN_STYLE = Automatic;
				INFOPLIST_FILE = CodingAssignmentAboutCountry/Info.plist;
				LD_RUNPATH_SEARCH_PATHS = (
					"$(inherited)",
					"@executable_path/Frameworks",
				);
				PRODUCT_BUNDLE_IDENTIFIER = PrerakHomePC.CodingAssignmentAboutCountry;
				PRODUCT_NAME = "$(TARGET_NAME)";
				SWIFT_VERSION = 5.0;
				TARGETED_DEVICE_FAMILY = "1,2";
			};
			name = Release;
		};
		A196D51225901A6C00F56F2C /* Debug */ = {
			isa = XCBuildConfiguration;
			baseConfigurationReference = DBA59E3B5305F8610B83F841 /* Pods-CodingAssignmentAboutCountryTests.debug.xcconfig */;
			buildSettings = {
				ALWAYS_EMBED_SWIFT_STANDARD_LIBRARIES = YES;
				BUNDLE_LOADER = "$(TEST_HOST)";
				CODE_SIGN_STYLE = Automatic;
				INFOPLIST_FILE = CodingAssignmentAboutCountryTests/Info.plist;
				IPHONEOS_DEPLOYMENT_TARGET = 13.2;
				LD_RUNPATH_SEARCH_PATHS = (
					"$(inherited)",
					"@executable_path/Frameworks",
					"@loader_path/Frameworks",
				);
				PRODUCT_BUNDLE_IDENTIFIER = PrerakHomePC.CodingAssignmentAboutCountryTests;
				PRODUCT_NAME = "$(TARGET_NAME)";
				SWIFT_VERSION = 5.0;
				TARGETED_DEVICE_FAMILY = "1,2";
				TEST_HOST = "$(BUILT_PRODUCTS_DIR)/CodingAssignmentAboutCountry.app/CodingAssignmentAboutCountry";
			};
			name = Debug;
		};
		A196D51325901A6C00F56F2C /* Release */ = {
			isa = XCBuildConfiguration;
			baseConfigurationReference = C5A07754359C45DAC541754D /* Pods-CodingAssignmentAboutCountryTests.release.xcconfig */;
			buildSettings = {
				ALWAYS_EMBED_SWIFT_STANDARD_LIBRARIES = YES;
				BUNDLE_LOADER = "$(TEST_HOST)";
				CODE_SIGN_STYLE = Automatic;
				INFOPLIST_FILE = CodingAssignmentAboutCountryTests/Info.plist;
				IPHONEOS_DEPLOYMENT_TARGET = 13.2;
				LD_RUNPATH_SEARCH_PATHS = (
					"$(inherited)",
					"@executable_path/Frameworks",
					"@loader_path/Frameworks",
				);
				PRODUCT_BUNDLE_IDENTIFIER = PrerakHomePC.CodingAssignmentAboutCountryTests;
				PRODUCT_NAME = "$(TARGET_NAME)";
				SWIFT_VERSION = 5.0;
				TARGETED_DEVICE_FAMILY = "1,2";
				TEST_HOST = "$(BUILT_PRODUCTS_DIR)/CodingAssignmentAboutCountry.app/CodingAssignmentAboutCountry";
			};
			name = Release;
		};
/* End XCBuildConfiguration section */

/* Begin XCConfigurationList section */
		A196D4EA25901A6B00F56F2C /* Build configuration list for PBXProject "CodingAssignmentAboutCountry" */ = {
			isa = XCConfigurationList;
			buildConfigurations = (
				A196D50C25901A6C00F56F2C /* Debug */,
				A196D50D25901A6C00F56F2C /* Release */,
			);
			defaultConfigurationIsVisible = 0;
			defaultConfigurationName = Release;
		};
		A196D50E25901A6C00F56F2C /* Build configuration list for PBXNativeTarget "CodingAssignmentAboutCountry" */ = {
			isa = XCConfigurationList;
			buildConfigurations = (
				A196D50F25901A6C00F56F2C /* Debug */,
				A196D51025901A6C00F56F2C /* Release */,
			);
			defaultConfigurationIsVisible = 0;
			defaultConfigurationName = Release;
		};
		A196D51125901A6C00F56F2C /* Build configuration list for PBXNativeTarget "CodingAssignmentAboutCountryTests" */ = {
			isa = XCConfigurationList;
			buildConfigurations = (
				A196D51225901A6C00F56F2C /* Debug */,
				A196D51325901A6C00F56F2C /* Release */,
			);
			defaultConfigurationIsVisible = 0;
			defaultConfigurationName = Release;
		};
/* End XCConfigurationList section */
	};
	rootObject = A196D4E725901A6B00F56F2C /* Project object */;
}
